
Microsoft Visual Studio Solution File, Format Version 12.00
# Visual Studio Version 17
VisualStudioVersion = 17.11.35303.130
MinimumVisualStudioVersion = 10.0.40219.1
Project("{FAE04EC0-301F-11D3-BF4B-00C04F79EFBC}") = "PAWS-Project", "PAWS-Project\PAWS-Project.csproj", "{942D7FCD-D422-4A48-91EF-F83ACB04F2DA}"
EndProject
Global
	GlobalSection(SolutionConfigurationPlatforms) = preSolution
		Debug|Any CPU = Debug|Any CPU
		Release|Any CPU = Release|Any CPU
	EndGlobalSection
	GlobalSection(ProjectConfigurationPlatforms) = postSolution
		{942D7FCD-D422-4A48-91EF-F83ACB04F2DA}.Debug|Any CPU.ActiveCfg = Debug|Any CPU
		{942D7FCD-D422-4A48-91EF-F83ACB04F2DA}.Debug|Any CPU.Build.0 = Debug|Any CPU
		{942D7FCD-D422-4A48-91EF-F83ACB04F2DA}.Release|Any CPU.ActiveCfg = Release|Any CPU
		{942D7FCD-D422-4A48-91EF-F83ACB04F2DA}.Release|Any CPU.Build.0 = Release|Any CPU
	EndGlobalSection
	GlobalSection(SolutionProperties) = preSolution
		HideSolutionNode = FALSE
	EndGlobalSection
	GlobalSection(ExtensibilityGlobals) = postSolution
		SolutionGuid = {CFB8C666-253C-4589-A326-0CDF4706C72F}
	EndGlobalSection
EndGlobal
